
Microsoft Visual Studio Solution File, Format Version 12.00
Project("{2150E333-8FDC-42A3-9474-1A3956D46DE8}") = "SkillAssessor.EmployeeService", "SkillAssessor.EmployeeService", "{979B6AF5-E8DF-41FB-AE98-2EB0EB39BAAA}"
EndProject
Project("{FAE04EC0-301F-11D3-BF4B-00C04F79EFBC}") = "SkillAssessor.EmployeeService.Entity", "SkillAssessor.EmployeeService.Entity\SkillAssessor.EmployeeService.Entity.csproj", "{9210BAA1-4363-47AC-8715-36D1022FB00A}"
EndProject
Project("{FAE04EC0-301F-11D3-BF4B-00C04F79EFBC}") = "SkillAssessor.EmployeeService.DomainModels", "SkillAssessor.EmployeeService.DomainModels\SkillAssessor.EmployeeService.DomainModels.csproj", "{32AB47BD-DAA4-43C8-93B1-14F782541A6A}"
EndProject
Project("{FAE04EC0-301F-11D3-BF4B-00C04F79EFBC}") = "SkillAssessor.EmployeeService.Data", "SkillAssessor.EmployeeService.Data\SkillAssessor.EmployeeService.Data.csproj", "{12E821A3-7050-43D1-A486-B825F1C2FDB5}"
EndProject
Project("{FAE04EC0-301F-11D3-BF4B-00C04F79EFBC}") = "SkillAssessor.EmployeeService.Api", "SkillAssessor.EmployeeService.Api\SkillAssessor.EmployeeService.Api.csproj", "{2D21F850-E0E8-4E6E-98A2-5D3A7FD5FA3A}"
EndProject
Project("{FAE04EC0-301F-11D3-BF4B-00C04F79EFBC}") = "SkillAssessor.EmployeeService.Tests", "SkillAssessor.EmployeeService.Tests\SkillAssessor.EmployeeService.Tests.csproj", "{6D291F9F-B08B-4017-9A97-CA11812BE1B0}"
EndProject
Project("{FAE04EC0-301F-11D3-BF4B-00C04F79EFBC}") = "SkillAssessor.AssessmentService.Data", "SkillAssessor.AssessmentService.Data\SkillAssessor.AssessmentService.Data.csproj", "{A3948176-7868-47BA-9C3D-67AD682D895C}"
EndProject
Project("{FAE04EC0-301F-11D3-BF4B-00C04F79EFBC}") = "SkillAssessor.AssessmentService.Domain", "SkillAssessor.AssessmentService.Domain\SkillAssessor.AssessmentService.Domain.csproj", "{9A203D2A-FF90-4AB0-9F8F-6BDE3CE63057}"
EndProject
Project("{FAE04EC0-301F-11D3-BF4B-00C04F79EFBC}") = "SkillAssessor.AssessmentService.Api", "SkillAssessor.AssessmentService.Api\SkillAssessor.AssessmentService.Api.csproj", "{B414D16C-A41A-40E6-8716-825C9DAD2FD0}"
EndProject
Project("{FAE04EC0-301F-11D3-BF4B-00C04F79EFBC}") = "SkillAssessor.AssessmentService.Entity", "SkillAssessor.AssessmentService.Entity\SkillAssessor.AssessmentService.Entity.csproj", "{8C22F2DE-242D-4F0E-B6BE-DDE5811A2691}"
EndProject
Project("{FAE04EC0-301F-11D3-BF4B-00C04F79EFBC}") = "SkillAssessor.AssessmentService.DomainModels", "SkillAssessor.AssessmentService.DomainModels\SkillAssessor.AssessmentService.DomainModels.csproj", "{57CC0A25-C83A-47F7-8117-A4CD21B5DBE6}"
EndProject
Project("{FAE04EC0-301F-11D3-BF4B-00C04F79EFBC}") = "SkillAssessor.AssessmentService.Tests", "SkillAssessor.AssessmentService.Tests\SkillAssessor.AssessmentService.Tests.csproj", "{148DD712-3B14-48B1-A7BF-81E8A056F8D2}"
EndProject
Project("{2150E333-8FDC-42A3-9474-1A3956D46DE8}") = "SkillAssessor.AssessmentService", "SkillAssessor.AssessmentService", "{00C4839D-AB0A-4234-ACCD-720AE33699BF}"
EndProject
Project("{2150E333-8FDC-42A3-9474-1A3956D46DE8}") = "SkillAssessor.Common", "SkillAssessor.Common", "{53E1C256-A4BD-4AC8-A059-E40EC0EFFD11}"
EndProject
Project("{FAE04EC0-301F-11D3-BF4B-00C04F79EFBC}") = "SkillAssessor.Common.Exceptions", "SkillAssessor.Common.Exceptions\SkillAssessor.Common.Exceptions.csproj", "{2AE3DEB8-6F91-4BD3-A9E9-362CE4F13265}"
EndProject
Project("{FAE04EC0-301F-11D3-BF4B-00C04F79EFBC}") = "SkillAssessor.Common.Models", "SkillAssessor.Common.Models\SkillAssessor.Common.Models.csproj", "{4DCDAC11-4DCE-4F0F-B161-01EAEFEEA67F}"
EndProject
Project("{FAE04EC0-301F-11D3-BF4B-00C04F79EFBC}") = "SkillAssessor.Common.Logging", "SkillAssessor.Common.Logging\SkillAssessor.Common.Logging.csproj", "{EB3610D5-ACC6-4D8A-8A51-3BAB909AA674}"
EndProject
Project("{2150E333-8FDC-42A3-9474-1A3956D46DE8}") = "SkillAssessor.Clouds", "SkillAssessor.Clouds", "{FE7782D1-3363-4088-A08A-2974B220D0C2}"
EndProject
Project("{FAE04EC0-301F-11D3-BF4B-00C04F79EFBC}") = "SkillAssessor.Clouds.CognitoSyncLambda", "SkillAssessor.Clouds.CognitoSyncLambda\src\SkillAssessor.Clouds.CognitoSyncLambda\SkillAssessor.Clouds.CognitoSyncLambda.csproj", "{B4D40020-41D5-4FF1-B37B-E450F2B700B3}"
EndProject
Project("{FAE04EC0-301F-11D3-BF4B-00C04F79EFBC}") = "SkillAssessor.Common.Helpers", "SkillAssessor.Common.Helpers\SkillAssessor.Common.Helpers.csproj", "{10C4E9E8-0F28-4EC1-871C-201D3C158CC6}"
EndProject
Project("{FAE04EC0-301F-11D3-BF4B-00C04F79EFBC}") = "SkillAssessor.Common.EfCore", "SkillAssessor.Common.EfCore\SkillAssessor.Common.EfCore.csproj", "{45FA1DE7-1C8D-47E5-8A4F-69FD74684A96}"
EndProject
Project("{FAE04EC0-301F-11D3-BF4B-00C04F79EFBC}") = "SkillAssessor.EmployeeService.Domain", "SkillAssessor.EmployeeService.Domain\SkillAssessor.EmployeeService.Domain.csproj", "{57410DE8-3C01-4337-AD04-955065F64064}"
EndProject
Global
	GlobalSection(SolutionConfigurationPlatforms) = preSolution
		Debug|Any CPU = Debug|Any CPU
		Release|Any CPU = Release|Any CPU
	EndGlobalSection
	GlobalSection(NestedProjects) = preSolution
		{9210BAA1-4363-47AC-8715-36D1022FB00A} = {979B6AF5-E8DF-41FB-AE98-2EB0EB39BAAA}
		{32AB47BD-DAA4-43C8-93B1-14F782541A6A} = {979B6AF5-E8DF-41FB-AE98-2EB0EB39BAAA}
		{12E821A3-7050-43D1-A486-B825F1C2FDB5} = {979B6AF5-E8DF-41FB-AE98-2EB0EB39BAAA}
		{2D21F850-E0E8-4E6E-98A2-5D3A7FD5FA3A} = {979B6AF5-E8DF-41FB-AE98-2EB0EB39BAAA}
		{6D291F9F-B08B-4017-9A97-CA11812BE1B0} = {979B6AF5-E8DF-41FB-AE98-2EB0EB39BAAA}
		{B4D40020-41D5-4FF1-B37B-E450F2B700B3} = {FE7782D1-3363-4088-A08A-2974B220D0C2}
		{10C4E9E8-0F28-4EC1-871C-201D3C158CC6} = {53E1C256-A4BD-4AC8-A059-E40EC0EFFD11}
		{45FA1DE7-1C8D-47E5-8A4F-69FD74684A96} = {53E1C256-A4BD-4AC8-A059-E40EC0EFFD11}
		{57410DE8-3C01-4337-AD04-955065F64064} = {979B6AF5-E8DF-41FB-AE98-2EB0EB39BAAA}
	EndGlobalSection
	GlobalSection(ProjectConfigurationPlatforms) = postSolution
		{9210BAA1-4363-47AC-8715-36D1022FB00A}.Debug|Any CPU.ActiveCfg = Debug|Any CPU
		{9210BAA1-4363-47AC-8715-36D1022FB00A}.Debug|Any CPU.Build.0 = Debug|Any CPU
		{9210BAA1-4363-47AC-8715-36D1022FB00A}.Release|Any CPU.ActiveCfg = Release|Any CPU
		{9210BAA1-4363-47AC-8715-36D1022FB00A}.Release|Any CPU.Build.0 = Release|Any CPU
		{32AB47BD-DAA4-43C8-93B1-14F782541A6A}.Debug|Any CPU.ActiveCfg = Debug|Any CPU
		{32AB47BD-DAA4-43C8-93B1-14F782541A6A}.Debug|Any CPU.Build.0 = Debug|Any CPU
		{32AB47BD-DAA4-43C8-93B1-14F782541A6A}.Release|Any CPU.ActiveCfg = Release|Any CPU
		{32AB47BD-DAA4-43C8-93B1-14F782541A6A}.Release|Any CPU.Build.0 = Release|Any CPU
		{12E821A3-7050-43D1-A486-B825F1C2FDB5}.Debug|Any CPU.ActiveCfg = Debug|Any CPU
		{12E821A3-7050-43D1-A486-B825F1C2FDB5}.Debug|Any CPU.Build.0 = Debug|Any CPU
		{12E821A3-7050-43D1-A486-B825F1C2FDB5}.Release|Any CPU.ActiveCfg = Release|Any CPU
		{12E821A3-7050-43D1-A486-B825F1C2FDB5}.Release|Any CPU.Build.0 = Release|Any CPU
		{2D21F850-E0E8-4E6E-98A2-5D3A7FD5FA3A}.Debug|Any CPU.ActiveCfg = Debug|Any CPU
		{2D21F850-E0E8-4E6E-98A2-5D3A7FD5FA3A}.Debug|Any CPU.Build.0 = Debug|Any CPU
		{2D21F850-E0E8-4E6E-98A2-5D3A7FD5FA3A}.Release|Any CPU.ActiveCfg = Release|Any CPU
		{2D21F850-E0E8-4E6E-98A2-5D3A7FD5FA3A}.Release|Any CPU.Build.0 = Release|Any CPU
		{6D291F9F-B08B-4017-9A97-CA11812BE1B0}.Debug|Any CPU.ActiveCfg = Debug|Any CPU
		{6D291F9F-B08B-4017-9A97-CA11812BE1B0}.Debug|Any CPU.Build.0 = Debug|Any CPU
		{6D291F9F-B08B-4017-9A97-CA11812BE1B0}.Release|Any CPU.ActiveCfg = Release|Any CPU
		{6D291F9F-B08B-4017-9A97-CA11812BE1B0}.Release|Any CPU.Build.0 = Release|Any CPU
		{B4D40020-41D5-4FF1-B37B-E450F2B700B3}.Debug|Any CPU.ActiveCfg = Debug|Any CPU
		{B4D40020-41D5-4FF1-B37B-E450F2B700B3}.Debug|Any CPU.Build.0 = Debug|Any CPU
		{B4D40020-41D5-4FF1-B37B-E450F2B700B3}.Release|Any CPU.ActiveCfg = Release|Any CPU
		{B4D40020-41D5-4FF1-B37B-E450F2B700B3}.Release|Any CPU.Build.0 = Release|Any CPU
		{10C4E9E8-0F28-4EC1-871C-201D3C158CC6}.Debug|Any CPU.ActiveCfg = Debug|Any CPU
		{10C4E9E8-0F28-4EC1-871C-201D3C158CC6}.Debug|Any CPU.Build.0 = Debug|Any CPU
		{10C4E9E8-0F28-4EC1-871C-201D3C158CC6}.Release|Any CPU.ActiveCfg = Release|Any CPU
		{10C4E9E8-0F28-4EC1-871C-201D3C158CC6}.Release|Any CPU.Build.0 = Release|Any CPU
		{45FA1DE7-1C8D-47E5-8A4F-69FD74684A96}.Debug|Any CPU.ActiveCfg = Debug|Any CPU
		{45FA1DE7-1C8D-47E5-8A4F-69FD74684A96}.Debug|Any CPU.Build.0 = Debug|Any CPU
		{45FA1DE7-1C8D-47E5-8A4F-69FD74684A96}.Release|Any CPU.ActiveCfg = Release|Any CPU
		{45FA1DE7-1C8D-47E5-8A4F-69FD74684A96}.Release|Any CPU.Build.0 = Release|Any CPU
		{57410DE8-3C01-4337-AD04-955065F64064}.Debug|Any CPU.ActiveCfg = Debug|Any CPU
		{57410DE8-3C01-4337-AD04-955065F64064}.Debug|Any CPU.Build.0 = Debug|Any CPU
		{57410DE8-3C01-4337-AD04-955065F64064}.Release|Any CPU.ActiveCfg = Release|Any CPU
		{57410DE8-3C01-4337-AD04-955065F64064}.Release|Any CPU.Build.0 = Release|Any CPU
	EndGlobalSection
	GlobalSection(ProjectConfigurationPlatforms) = postSolution
		{A3948176-7868-47BA-9C3D-67AD682D895C}.Debug|Any CPU.ActiveCfg = Debug|Any CPU
		{A3948176-7868-47BA-9C3D-67AD682D895C}.Debug|Any CPU.Build.0 = Debug|Any CPU
		{A3948176-7868-47BA-9C3D-67AD682D895C}.Release|Any CPU.ActiveCfg = Release|Any CPU
		{A3948176-7868-47BA-9C3D-67AD682D895C}.Release|Any CPU.Build.0 = Release|Any CPU
		{9A203D2A-FF90-4AB0-9F8F-6BDE3CE63057}.Debug|Any CPU.ActiveCfg = Debug|Any CPU
		{9A203D2A-FF90-4AB0-9F8F-6BDE3CE63057}.Debug|Any CPU.Build.0 = Debug|Any CPU
		{9A203D2A-FF90-4AB0-9F8F-6BDE3CE63057}.Release|Any CPU.ActiveCfg = Release|Any CPU
		{9A203D2A-FF90-4AB0-9F8F-6BDE3CE63057}.Release|Any CPU.Build.0 = Release|Any CPU
		{B414D16C-A41A-40E6-8716-825C9DAD2FD0}.Debug|Any CPU.ActiveCfg = Debug|Any CPU
		{B414D16C-A41A-40E6-8716-825C9DAD2FD0}.Debug|Any CPU.Build.0 = Debug|Any CPU
		{B414D16C-A41A-40E6-8716-825C9DAD2FD0}.Release|Any CPU.ActiveCfg = Release|Any CPU
		{B414D16C-A41A-40E6-8716-825C9DAD2FD0}.Release|Any CPU.Build.0 = Release|Any CPU
		{8C22F2DE-242D-4F0E-B6BE-DDE5811A2691}.Debug|Any CPU.ActiveCfg = Debug|Any CPU
		{8C22F2DE-242D-4F0E-B6BE-DDE5811A2691}.Debug|Any CPU.Build.0 = Debug|Any CPU
		{8C22F2DE-242D-4F0E-B6BE-DDE5811A2691}.Release|Any CPU.ActiveCfg = Release|Any CPU
		{8C22F2DE-242D-4F0E-B6BE-DDE5811A2691}.Release|Any CPU.Build.0 = Release|Any CPU
		{57CC0A25-C83A-47F7-8117-A4CD21B5DBE6}.Debug|Any CPU.ActiveCfg = Debug|Any CPU
		{57CC0A25-C83A-47F7-8117-A4CD21B5DBE6}.Debug|Any CPU.Build.0 = Debug|Any CPU
		{57CC0A25-C83A-47F7-8117-A4CD21B5DBE6}.Release|Any CPU.ActiveCfg = Release|Any CPU
		{57CC0A25-C83A-47F7-8117-A4CD21B5DBE6}.Release|Any CPU.Build.0 = Release|Any CPU
		{148DD712-3B14-48B1-A7BF-81E8A056F8D2}.Debug|Any CPU.ActiveCfg = Debug|Any CPU
		{148DD712-3B14-48B1-A7BF-81E8A056F8D2}.Debug|Any CPU.Build.0 = Debug|Any CPU
		{148DD712-3B14-48B1-A7BF-81E8A056F8D2}.Release|Any CPU.ActiveCfg = Release|Any CPU
		{148DD712-3B14-48B1-A7BF-81E8A056F8D2}.Release|Any CPU.Build.0 = Release|Any CPU
		{2AE3DEB8-6F91-4BD3-A9E9-362CE4F13265}.Debug|Any CPU.ActiveCfg = Debug|Any CPU
		{2AE3DEB8-6F91-4BD3-A9E9-362CE4F13265}.Debug|Any CPU.Build.0 = Debug|Any CPU
		{2AE3DEB8-6F91-4BD3-A9E9-362CE4F13265}.Release|Any CPU.ActiveCfg = Release|Any CPU
		{2AE3DEB8-6F91-4BD3-A9E9-362CE4F13265}.Release|Any CPU.Build.0 = Release|Any CPU
		{4DCDAC11-4DCE-4F0F-B161-01EAEFEEA67F}.Debug|Any CPU.ActiveCfg = Debug|Any CPU
		{4DCDAC11-4DCE-4F0F-B161-01EAEFEEA67F}.Debug|Any CPU.Build.0 = Debug|Any CPU
		{4DCDAC11-4DCE-4F0F-B161-01EAEFEEA67F}.Release|Any CPU.ActiveCfg = Release|Any CPU
		{4DCDAC11-4DCE-4F0F-B161-01EAEFEEA67F}.Release|Any CPU.Build.0 = Release|Any CPU
		{EB3610D5-ACC6-4D8A-8A51-3BAB909AA674}.Debug|Any CPU.ActiveCfg = Debug|Any CPU
		{EB3610D5-ACC6-4D8A-8A51-3BAB909AA674}.Debug|Any CPU.Build.0 = Debug|Any CPU
		{EB3610D5-ACC6-4D8A-8A51-3BAB909AA674}.Release|Any CPU.ActiveCfg = Release|Any CPU
		{EB3610D5-ACC6-4D8A-8A51-3BAB909AA674}.Release|Any CPU.Build.0 = Release|Any CPU
	EndGlobalSection
	GlobalSection(NestedProjects) = preSolution
		{B414D16C-A41A-40E6-8716-825C9DAD2FD0} = {00C4839D-AB0A-4234-ACCD-720AE33699BF}
		{A3948176-7868-47BA-9C3D-67AD682D895C} = {00C4839D-AB0A-4234-ACCD-720AE33699BF}
		{9A203D2A-FF90-4AB0-9F8F-6BDE3CE63057} = {00C4839D-AB0A-4234-ACCD-720AE33699BF}
		{57CC0A25-C83A-47F7-8117-A4CD21B5DBE6} = {00C4839D-AB0A-4234-ACCD-720AE33699BF}
		{8C22F2DE-242D-4F0E-B6BE-DDE5811A2691} = {00C4839D-AB0A-4234-ACCD-720AE33699BF}
		{148DD712-3B14-48B1-A7BF-81E8A056F8D2} = {00C4839D-AB0A-4234-ACCD-720AE33699BF}
		{2AE3DEB8-6F91-4BD3-A9E9-362CE4F13265} = {53E1C256-A4BD-4AC8-A059-E40EC0EFFD11}
		{4DCDAC11-4DCE-4F0F-B161-01EAEFEEA67F} = {53E1C256-A4BD-4AC8-A059-E40EC0EFFD11}
		{EB3610D5-ACC6-4D8A-8A51-3BAB909AA674} = {53E1C256-A4BD-4AC8-A059-E40EC0EFFD11}
	EndGlobalSection
EndGlobal
